
Microsoft Visual Studio Solution File, Format Version 12.00
# Visual Studio 15
VisualStudioVersion = 15.0.28307.645
MinimumVisualStudioVersion = 10.0.40219.1
Project("{FAE04EC0-301F-11D3-BF4B-00C04F79EFBC}") = "RelAirLine_MVC", "RelAirLine_MVC\RelAirLine_MVC.csproj", "{0DB37779-879E-4573-8DD2-96645D96EF50}"
EndProject
Global
	GlobalSection(SolutionConfigurationPlatforms) = preSolution
		Debug|Any CPU = Debug|Any CPU
		Release|Any CPU = Release|Any CPU
	EndGlobalSection
	GlobalSection(ProjectConfigurationPlatforms) = postSolution
		{0DB37779-879E-4573-8DD2-96645D96EF50}.Debug|Any CPU.ActiveCfg = Debug|Any CPU
		{0DB37779-879E-4573-8DD2-96645D96EF50}.Debug|Any CPU.Build.0 = Debug|Any CPU
		{0DB37779-879E-4573-8DD2-96645D96EF50}.Release|Any CPU.ActiveCfg = Release|Any CPU
		{0DB37779-879E-4573-8DD2-96645D96EF50}.Release|Any CPU.Build.0 = Release|Any CPU
	EndGlobalSection
	GlobalSection(SolutionProperties) = preSolution
		HideSolutionNode = FALSE
	EndGlobalSection
	GlobalSection(ExtensibilityGlobals) = postSolution
		SolutionGuid = {01FCBB6F-890B-4E6C-97BE-2F6C9F119966}
	EndGlobalSection
EndGlobal
